// !$*UTF8*$!
{
	archiveVersion = 1;
	classes = {
	};
	objectVersion = 46;
	objects = {

/* Begin PBXBuildFile section */
		A45A5CE41B838BF900A0B2FD /* Abstractor.cpp in Sources */ = {isa = PBXBuildFile; fileRef = A45A5CE21B838BF900A0B2FD /* Abstractor.cpp */; };
		A45A5CE51B838BF900A0B2FD /* Abstractor.cpp in Sources */ = {isa = PBXBuildFile; fileRef = A45A5CE21B838BF900A0B2FD /* Abstractor.cpp */; };
		A45A5CE61B838BF900A0B2FD /* Abstractor.h in Headers */ = {isa = PBXBuildFile; fileRef = A45A5CE31B838BF900A0B2FD /* Abstractor.h */; };
		A45A5CF11B838C5600A0B2FD /* buffer.cpp in Sources */ = {isa = PBXBuildFile; fileRef = A45A5CE81B838C5600A0B2FD /* buffer.cpp */; };
		A45A5CF21B838C5600A0B2FD /* buffer.cpp in Sources */ = {isa = PBXBuildFile; fileRef = A45A5CE81B838C5600A0B2FD /* buffer.cpp */; };
		A45A5CF31B838C5600A0B2FD /* buffer.h in Headers */ = {isa = PBXBuildFile; fileRef = A45A5CE91B838C5600A0B2FD /* buffer.h */; };
		A45A5CF41B838C5600A0B2FD /* list.cpp in Sources */ = {isa = PBXBuildFile; fileRef = A45A5CEA1B838C5600A0B2FD /* list.cpp */; };
		A45A5CF51B838C5600A0B2FD /* list.cpp in Sources */ = {isa = PBXBuildFile; fileRef = A45A5CEA1B838C5600A0B2FD /* list.cpp */; };
		A45A5CF61B838C5600A0B2FD /* list.h in Headers */ = {isa = PBXBuildFile; fileRef = A45A5CEB1B838C5600A0B2FD /* list.h */; };
		A45A5CF71B838C5600A0B2FD /* md5.cpp in Sources */ = {isa = PBXBuildFile; fileRef = A45A5CEC1B838C5600A0B2FD /* md5.cpp */; };
		A45A5CF81B838C5600A0B2FD /* md5.cpp in Sources */ = {isa = PBXBuildFile; fileRef = A45A5CEC1B838C5600A0B2FD /* md5.cpp */; };
		A45A5CF91B838C5600A0B2FD /* socket.cpp in Sources */ = {isa = PBXBuildFile; fileRef = A45A5CED1B838C5600A0B2FD /* socket.cpp */; };
		A45A5CFA1B838C5600A0B2FD /* socket.cpp in Sources */ = {isa = PBXBuildFile; fileRef = A45A5CED1B838C5600A0B2FD /* socket.cpp */; };
		A45A5CFB1B838C5600A0B2FD /* socket.h in Headers */ = {isa = PBXBuildFile; fileRef = A45A5CEE1B838C5600A0B2FD /* socket.h */; };
		A45A5CFC1B838C5600A0B2FD /* tools.cpp in Sources */ = {isa = PBXBuildFile; fileRef = A45A5CEF1B838C5600A0B2FD /* tools.cpp */; };
		A45A5CFD1B838C5600A0B2FD /* tools.cpp in Sources */ = {isa = PBXBuildFile; fileRef = A45A5CEF1B838C5600A0B2FD /* tools.cpp */; };
		A45A5CFE1B838C5600A0B2FD /* tools.h in Headers */ = {isa = PBXBuildFile; fileRef = A45A5CF01B838C5600A0B2FD /* tools.h */; };
		A4E3D3E61B849E61006AA8E3 /* main.cpp in Sources */ = {isa = PBXBuildFile; fileRef = A4E3D3E51B849E61006AA8E3 /* main.cpp */; };
		A4E3D3E71B849E61006AA8E3 /* main.cpp in Sources */ = {isa = PBXBuildFile; fileRef = A4E3D3E51B849E61006AA8E3 /* main.cpp */; };
		A4E3D3E91B84A0BC006AA8E3 /* VSSynthesiseSingleton.h in Headers */ = {isa = PBXBuildFile; fileRef = A4E3D3E81B84A0BC006AA8E3 /* VSSynthesiseSingleton.h */; };
		A4E3D3F21B84A124006AA8E3 /* CoreManager.cpp in Sources */ = {isa = PBXBuildFile; fileRef = A4E3D3F01B84A124006AA8E3 /* CoreManager.cpp */; };
		A4E3D3F31B84A124006AA8E3 /* CoreManager.cpp in Sources */ = {isa = PBXBuildFile; fileRef = A4E3D3F01B84A124006AA8E3 /* CoreManager.cpp */; };
		A4E3D3F41B84A124006AA8E3 /* CoreManager.h in Headers */ = {isa = PBXBuildFile; fileRef = A4E3D3F11B84A124006AA8E3 /* CoreManager.h */; };
		A4E3D3F91B84AD6C006AA8E3 /* MACAddressUtility.cpp in Sources */ = {isa = PBXBuildFile; fileRef = A4E3D3F71B84AD6C006AA8E3 /* MACAddressUtility.cpp */; };
		A4E3D3FB1B84AD6C006AA8E3 /* MACAddressUtility.h in Headers */ = {isa = PBXBuildFile; fileRef = A4E3D3F81B84AD6C006AA8E3 /* MACAddressUtility.h */; };
		A4E3D3FF1B84B19D006AA8E3 /* DarwinAbstractor.m in Sources */ = {isa = PBXBuildFile; fileRef = A4E3D3FD1B84B19D006AA8E3 /* DarwinAbstractor.m */; };
		A4E3D4001B84B19D006AA8E3 /* DarwinAbstractor.m in Sources */ = {isa = PBXBuildFile; fileRef = A4E3D3FD1B84B19D006AA8E3 /* DarwinAbstractor.m */; };
		A4E3D4011B84B19D006AA8E3 /* DarwinAbstractor.h in Headers */ = {isa = PBXBuildFile; fileRef = A4E3D3FE1B84B19D006AA8E3 /* DarwinAbstractor.h */; };
		A4E3D4201B8773F4006AA8E3 /* IOKit.framework in Frameworks */ = {isa = PBXBuildFile; fileRef = A4E3D41F1B8773F4006AA8E3 /* IOKit.framework */; };
/* End PBXBuildFile section */

/* Begin PBXCopyFilesBuildPhase section */
		FF388E471B819CDE00C67D9B /* CopyFiles */ = {
			isa = PBXCopyFilesBuildPhase;
			buildActionMask = 2147483647;
			dstPath = "include/$(PRODUCT_NAME)";
			dstSubfolderSpec = 16;
			files = (
			);
			runOnlyForDeploymentPostprocessing = 0;
		};
/* End PBXCopyFilesBuildPhase section */

/* Begin PBXFileReference section */
		32DBCF5E0370ADEE00C91783 /* 39dylib_Prefix.pch */ = {isa = PBXFileReference; fileEncoding = 4; lastKnownFileType = sourcecode.c.h; path = 39dylib_Prefix.pch; sourceTree = "<group>"; };
		A45A5CE21B838BF900A0B2FD /* Abstractor.cpp */ = {isa = PBXFileReference; fileEncoding = 4; lastKnownFileType = sourcecode.cpp.cpp; path = Abstractor.cpp; sourceTree = "<group>"; };
		A45A5CE31B838BF900A0B2FD /* Abstractor.h */ = {isa = PBXFileReference; fileEncoding = 4; lastKnownFileType = sourcecode.c.h; path = Abstractor.h; sourceTree = "<group>"; };
		A45A5CE81B838C5600A0B2FD /* buffer.cpp */ = {isa = PBXFileReference; fileEncoding = 4; lastKnownFileType = sourcecode.cpp.cpp; path = buffer.cpp; sourceTree = "<group>"; };
		A45A5CE91B838C5600A0B2FD /* buffer.h */ = {isa = PBXFileReference; fileEncoding = 4; lastKnownFileType = sourcecode.c.h; path = buffer.h; sourceTree = "<group>"; };
		A45A5CEA1B838C5600A0B2FD /* list.cpp */ = {isa = PBXFileReference; fileEncoding = 4; lastKnownFileType = sourcecode.cpp.cpp; path = list.cpp; sourceTree = "<group>"; };
		A45A5CEB1B838C5600A0B2FD /* list.h */ = {isa = PBXFileReference; fileEncoding = 4; lastKnownFileType = sourcecode.c.h; path = list.h; sourceTree = "<group>"; };
		A45A5CEC1B838C5600A0B2FD /* md5.cpp */ = {isa = PBXFileReference; fileEncoding = 4; lastKnownFileType = sourcecode.cpp.cpp; path = md5.cpp; sourceTree = "<group>"; };
		A45A5CED1B838C5600A0B2FD /* socket.cpp */ = {isa = PBXFileReference; fileEncoding = 4; lastKnownFileType = sourcecode.cpp.cpp; path = socket.cpp; sourceTree = "<group>"; };
		A45A5CEE1B838C5600A0B2FD /* socket.h */ = {isa = PBXFileReference; fileEncoding = 4; lastKnownFileType = sourcecode.c.h; path = socket.h; sourceTree = "<group>"; };
		A45A5CEF1B838C5600A0B2FD /* tools.cpp */ = {isa = PBXFileReference; fileEncoding = 4; lastKnownFileType = sourcecode.cpp.cpp; path = tools.cpp; sourceTree = "<group>"; };
		A45A5CF01B838C5600A0B2FD /* tools.h */ = {isa = PBXFileReference; fileEncoding = 4; lastKnownFileType = sourcecode.c.h; path = tools.h; sourceTree = "<group>"; };
		A4941DC912B3801E00B8A6CA /* 39dylibProj.xcconfig */ = {isa = PBXFileReference; fileEncoding = 4; lastKnownFileType = text.xcconfig; path = 39dylibProj.xcconfig; sourceTree = "<group>"; };
		A4941DCA12B3801E00B8A6CA /* 39dylibTarget.xcconfig */ = {isa = PBXFileReference; fileEncoding = 4; lastKnownFileType = text.xcconfig; path = 39dylibTarget.xcconfig; sourceTree = "<group>"; };
		A4B63376123468F8009A15D2 /* includes.h */ = {isa = PBXFileReference; fileEncoding = 4; lastKnownFileType = sourcecode.c.h; path = includes.h; sourceTree = "<group>"; };
		A4E3D3E51B849E61006AA8E3 /* main.cpp */ = {isa = PBXFileReference; fileEncoding = 4; lastKnownFileType = sourcecode.cpp.cpp; path = main.cpp; sourceTree = "<group>"; };
		A4E3D3E81B84A0BC006AA8E3 /* VSSynthesiseSingleton.h */ = {isa = PBXFileReference; fileEncoding = 4; lastKnownFileType = sourcecode.c.h; path = VSSynthesiseSingleton.h; sourceTree = "<group>"; };
		A4E3D3F01B84A124006AA8E3 /* CoreManager.cpp */ = {isa = PBXFileReference; fileEncoding = 4; lastKnownFileType = sourcecode.cpp.cpp; path = CoreManager.cpp; sourceTree = "<group>"; };
		A4E3D3F11B84A124006AA8E3 /* CoreManager.h */ = {isa = PBXFileReference; fileEncoding = 4; lastKnownFileType = sourcecode.c.h; path = CoreManager.h; sourceTree = "<group>"; };
		A4E3D3F51B84A4BA006AA8E3 /* IncludeDarwin.h */ = {isa = PBXFileReference; explicitFileType = sourcecode.cpp.h; path = IncludeDarwin.h; sourceTree = "<group>"; };
		A4E3D3F61B84A516006AA8E3 /* IncludeLinux.h */ = {isa = PBXFileReference; lastKnownFileType = sourcecode.c.h; path = IncludeLinux.h; sourceTree = "<group>"; };
		A4E3D3F71B84AD6C006AA8E3 /* MACAddressUtility.cpp */ = {isa = PBXFileReference; fileEncoding = 4; lastKnownFileType = sourcecode.cpp.cpp; path = MACAddressUtility.cpp; sourceTree = "<group>"; };
		A4E3D3F81B84AD6C006AA8E3 /* MACAddressUtility.h */ = {isa = PBXFileReference; fileEncoding = 4; lastKnownFileType = sourcecode.c.h; path = MACAddressUtility.h; sourceTree = "<group>"; };
		A4E3D3FD1B84B19D006AA8E3 /* DarwinAbstractor.m */ = {isa = PBXFileReference; fileEncoding = 4; lastKnownFileType = sourcecode.c.objc; path = DarwinAbstractor.m; sourceTree = "<group>"; };
		A4E3D3FE1B84B19D006AA8E3 /* DarwinAbstractor.h */ = {isa = PBXFileReference; fileEncoding = 4; lastKnownFileType = sourcecode.c.h; path = DarwinAbstractor.h; sourceTree = "<group>"; };
		A4E3D41F1B8773F4006AA8E3 /* IOKit.framework */ = {isa = PBXFileReference; lastKnownFileType = wrapper.framework; name = IOKit.framework; path = System/Library/Frameworks/IOKit.framework; sourceTree = SDKROOT; };
		FF388E271B819BD900C67D9B /* Foundation.framework */ = {isa = PBXFileReference; lastKnownFileType = wrapper.framework; name = Foundation.framework; path = Platforms/iPhoneOS.platform/Developer/SDKs/iPhoneOS8.1.sdk/System/Library/Frameworks/Foundation.framework; sourceTree = DEVELOPER_DIR; };
		FF388E2E1B819C4E00C67D9B /* lib39dylibMac.dylib */ = {isa = PBXFileReference; explicitFileType = "compiled.mach-o.dylib"; includeInIndex = 0; path = lib39dylibMac.dylib; sourceTree = BUILT_PRODUCTS_DIR; };
		FF388E491B819CDE00C67D9B /* lib39dylibiOS.a */ = {isa = PBXFileReference; explicitFileType = archive.ar; includeInIndex = 0; path = lib39dylibiOS.a; sourceTree = BUILT_PRODUCTS_DIR; };
/* End PBXFileReference section */

/* Begin PBXFrameworksBuildPhase section */
		FF388E2B1B819C4E00C67D9B /* Frameworks */ = {
			isa = PBXFrameworksBuildPhase;
			buildActionMask = 2147483647;
			files = (
				A4E3D4201B8773F4006AA8E3 /* IOKit.framework in Frameworks */,
			);
			runOnlyForDeploymentPostprocessing = 0;
		};
		FF388E461B819CDE00C67D9B /* Frameworks */ = {
			isa = PBXFrameworksBuildPhase;
			buildActionMask = 2147483647;
			files = (
			);
			runOnlyForDeploymentPostprocessing = 0;
		};
/* End PBXFrameworksBuildPhase section */

/* Begin PBXGroup section */
		034768DFFF38A50411DB9C8B /* Products */ = {
			isa = PBXGroup;
			children = (
				FF388E2E1B819C4E00C67D9B /* lib39dylibMac.dylib */,
				FF388E491B819CDE00C67D9B /* lib39dylibiOS.a */,
			);
			name = Products;
			sourceTree = "<group>";
		};
		0867D691FE84028FC02AAC07 /* 39dylib */ = {
			isa = PBXGroup;
			children = (
				A4941DC912B3801E00B8A6CA /* 39dylibProj.xcconfig */,
				A4941DCA12B3801E00B8A6CA /* 39dylibTarget.xcconfig */,
				32C88DFF0371C24200C91783 /* Source */,
				FF388E291B819BFD00C67D9B /* Frameworks */,
				034768DFFF38A50411DB9C8B /* Products */,
			);
			name = 39dylib;
			sourceTree = "<group>";
		};
		32C88DFF0371C24200C91783 /* Source */ = {
			isa = PBXGroup;
			children = (
				A4E3D3E11B849C32006AA8E3 /* Headers */,
				A45A5CE71B838C1800A0B2FD /* Classes */,
				A45A5CDC1B838BA500A0B2FD /* Abstraction Layer */,
				A4E3D3E41B849E36006AA8E3 /* Main Sources */,
			);
			name = Source;
			sourceTree = "<group>";
		};
		A45A5CDC1B838BA500A0B2FD /* Abstraction Layer */ = {
			isa = PBXGroup;
			children = (
				A4E3D3FC1B84B175006AA8E3 /* PlatformSpecific */,
				A45A5CE21B838BF900A0B2FD /* Abstractor.cpp */,
				A45A5CE31B838BF900A0B2FD /* Abstractor.h */,
				A4E3D3F71B84AD6C006AA8E3 /* MACAddressUtility.cpp */,
				A4E3D3F81B84AD6C006AA8E3 /* MACAddressUtility.h */,
			);
			path = "Abstraction Layer";
			sourceTree = "<group>";
		};
		A45A5CE71B838C1800A0B2FD /* Classes */ = {
			isa = PBXGroup;
			children = (
				A4E3D3EF1B84A118006AA8E3 /* Singletons */,
				A45A5CE91B838C5600A0B2FD /* buffer.h */,
				A45A5CE81B838C5600A0B2FD /* buffer.cpp */,
				A45A5CEB1B838C5600A0B2FD /* list.h */,
				A45A5CEA1B838C5600A0B2FD /* list.cpp */,
				A45A5CEC1B838C5600A0B2FD /* md5.cpp */,
				A45A5CEE1B838C5600A0B2FD /* socket.h */,
				A45A5CED1B838C5600A0B2FD /* socket.cpp */,
				A45A5CF01B838C5600A0B2FD /* tools.h */,
				A45A5CEF1B838C5600A0B2FD /* tools.cpp */,
			);
			path = Classes;
			sourceTree = "<group>";
		};
		A4E3D3E11B849C32006AA8E3 /* Headers */ = {
			isa = PBXGroup;
			children = (
				A4B63376123468F8009A15D2 /* includes.h */,
				32DBCF5E0370ADEE00C91783 /* 39dylib_Prefix.pch */,
				A4E3D3E81B84A0BC006AA8E3 /* VSSynthesiseSingleton.h */,
				A4E3D3F51B84A4BA006AA8E3 /* IncludeDarwin.h */,
				A4E3D3F61B84A516006AA8E3 /* IncludeLinux.h */,
			);
			path = Headers;
			sourceTree = "<group>";
		};
		A4E3D3E41B849E36006AA8E3 /* Main Sources */ = {
			isa = PBXGroup;
			children = (
				A4E3D3E51B849E61006AA8E3 /* main.cpp */,
			);
			name = "Main Sources";
			path = Source;
			sourceTree = "<group>";
		};
		A4E3D3EF1B84A118006AA8E3 /* Singletons */ = {
			isa = PBXGroup;
			children = (
				A4E3D3F11B84A124006AA8E3 /* CoreManager.h */,
				A4E3D3F01B84A124006AA8E3 /* CoreManager.cpp */,
			);
			name = Singletons;
			sourceTree = "<group>";
		};
		A4E3D3FC1B84B175006AA8E3 /* PlatformSpecific */ = {
			isa = PBXGroup;
			children = (
				A4E3D3FD1B84B19D006AA8E3 /* DarwinAbstractor.m */,
				A4E3D3FE1B84B19D006AA8E3 /* DarwinAbstractor.h */,
			);
			name = PlatformSpecific;
			sourceTree = "<group>";
		};
		FF388E291B819BFD00C67D9B /* Frameworks */ = {
			isa = PBXGroup;
			children = (
				A4E3D41F1B8773F4006AA8E3 /* IOKit.framework */,
				FF388E271B819BD900C67D9B /* Foundation.framework */,
			);
			name = Frameworks;
			sourceTree = "<group>";
		};
/* End PBXGroup section */

/* Begin PBXHeadersBuildPhase section */
		FF388E2C1B819C4E00C67D9B /* Headers */ = {
			isa = PBXHeadersBuildPhase;
			buildActionMask = 2147483647;
			files = (
				A4E3D3F41B84A124006AA8E3 /* CoreManager.h in Headers */,
				A4E3D3E91B84A0BC006AA8E3 /* VSSynthesiseSingleton.h in Headers */,
				A45A5CF31B838C5600A0B2FD /* buffer.h in Headers */,
				A45A5CF61B838C5600A0B2FD /* list.h in Headers */,
				A4E3D4011B84B19D006AA8E3 /* DarwinAbstractor.h in Headers */,
				A4E3D3FB1B84AD6C006AA8E3 /* MACAddressUtility.h in Headers */,
				A45A5CE61B838BF900A0B2FD /* Abstractor.h in Headers */,
				A45A5CFE1B838C5600A0B2FD /* tools.h in Headers */,
				A45A5CFB1B838C5600A0B2FD /* socket.h in Headers */,
			);
			runOnlyForDeploymentPostprocessing = 0;
		};
/* End PBXHeadersBuildPhase section */

/* Begin PBXNativeTarget section */
		FF388E2D1B819C4E00C67D9B /* 39dylibMac */ = {
			isa = PBXNativeTarget;
			buildConfigurationList = FF388E3F1B819C4E00C67D9B /* Build configuration list for PBXNativeTarget "39dylibMac" */;
			buildPhases = (
				FF388E2A1B819C4E00C67D9B /* Sources */,
				FF388E2B1B819C4E00C67D9B /* Frameworks */,
				FF388E2C1B819C4E00C67D9B /* Headers */,
			);
			buildRules = (
			);
			dependencies = (
			);
			name = 39dylibMac;
			productName = "39dylib Mac";
			productReference = FF388E2E1B819C4E00C67D9B /* lib39dylibMac.dylib */;
			productType = "com.apple.product-type.library.dynamic";
		};
		FF388E481B819CDE00C67D9B /* 39dylibiOS */ = {
			isa = PBXNativeTarget;
			buildConfigurationList = FF388E5A1B819CDF00C67D9B /* Build configuration list for PBXNativeTarget "39dylibiOS" */;
			buildPhases = (
				FF388E451B819CDE00C67D9B /* Sources */,
				FF388E461B819CDE00C67D9B /* Frameworks */,
				FF388E471B819CDE00C67D9B /* CopyFiles */,
			);
			buildRules = (
			);
			dependencies = (
			);
			name = 39dylibiOS;
			productName = "lib39dylib iOS";
			productReference = FF388E491B819CDE00C67D9B /* lib39dylibiOS.a */;
			productType = "com.apple.product-type.library.static";
		};
/* End PBXNativeTarget section */

/* Begin PBXProject section */
		0867D690FE84028FC02AAC07 /* Project object */ = {
			isa = PBXProject;
			attributes = {
				LastUpgradeCheck = 0640;
				TargetAttributes = {
					FF388E2D1B819C4E00C67D9B = {
						CreatedOnToolsVersion = 6.1.1;
					};
					FF388E481B819CDE00C67D9B = {
						CreatedOnToolsVersion = 6.1.1;
					};
				};
			};
			buildConfigurationList = 1DEB918108733D990010E9CD /* Build configuration list for PBXProject "39dylib" */;
			compatibilityVersion = "Xcode 3.2";
			developmentRegion = English;
			hasScannedForEncodings = 1;
			knownRegions = (
				en,
			);
			mainGroup = 0867D691FE84028FC02AAC07 /* 39dylib */;
			productRefGroup = 034768DFFF38A50411DB9C8B /* Products */;
			projectDirPath = "";
			projectRoot = "";
			targets = (
				FF388E2D1B819C4E00C67D9B /* 39dylibMac */,
				FF388E481B819CDE00C67D9B /* 39dylibiOS */,
			);
		};
/* End PBXProject section */

/* Begin PBXSourcesBuildPhase section */
		FF388E2A1B819C4E00C67D9B /* Sources */ = {
			isa = PBXSourcesBuildPhase;
			buildActionMask = 2147483647;
			files = (
				A45A5CF11B838C5600A0B2FD /* buffer.cpp in Sources */,
				A45A5CF71B838C5600A0B2FD /* md5.cpp in Sources */,
				A45A5CF41B838C5600A0B2FD /* list.cpp in Sources */,
				A45A5CF91B838C5600A0B2FD /* socket.cpp in Sources */,
				A4E3D3F91B84AD6C006AA8E3 /* MACAddressUtility.cpp in Sources */,
				A4E3D3FF1B84B19D006AA8E3 /* DarwinAbstractor.m in Sources */,
				A4E3D3F21B84A124006AA8E3 /* CoreManager.cpp in Sources */,
				A4E3D3E61B849E61006AA8E3 /* main.cpp in Sources */,
				A45A5CFC1B838C5600A0B2FD /* tools.cpp in Sources */,
				A45A5CE41B838BF900A0B2FD /* Abstractor.cpp in Sources */,
			);
			runOnlyForDeploymentPostprocessing = 0;
		};
		FF388E451B819CDE00C67D9B /* Sources */ = {
			isa = PBXSourcesBuildPhase;
			buildActionMask = 2147483647;
			files = (
				A45A5CE51B838BF900A0B2FD /* Abstractor.cpp in Sources */,
				A45A5CFA1B838C5600A0B2FD /* socket.cpp in Sources */,
				A45A5CF21B838C5600A0B2FD /* buffer.cpp in Sources */,
				A45A5CF81B838C5600A0B2FD /* md5.cpp in Sources */,
				A4E3D4001B84B19D006AA8E3 /* DarwinAbstractor.m in Sources */,
				A4E3D3F31B84A124006AA8E3 /* CoreManager.cpp in Sources */,
				A4E3D3E71B849E61006AA8E3 /* main.cpp in Sources */,
				A45A5CF51B838C5600A0B2FD /* list.cpp in Sources */,
				A45A5CFD1B838C5600A0B2FD /* tools.cpp in Sources */,
			);
			runOnlyForDeploymentPostprocessing = 0;
		};
/* End PBXSourcesBuildPhase section */

/* Begin XCBuildConfiguration section */
		1DEB918208733D990010E9CD /* Debug */ = {
			isa = XCBuildConfiguration;
			buildSettings = {
				GCC_C_LANGUAGE_STANDARD = gnu99;
				GCC_INPUT_FILETYPE = sourcecode.cpp.objcpp;
				GCC_OPTIMIZATION_LEVEL = 0;
				GCC_WARN_ABOUT_RETURN_TYPE = YES;
				GCC_WARN_UNUSED_VARIABLE = YES;
				ONLY_ACTIVE_ARCH = YES;
				PREBINDING = NO;
				SCAN_ALL_SOURCE_FILES_FOR_INCLUDES = YES;
				SDKROOT = macosx;
				VALID_ARCHS = "i386 x86_64";
			};
			name = Debug;
		};
		1DEB918308733D990010E9CD /* Release */ = {
			isa = XCBuildConfiguration;
			buildSettings = {
				GCC_C_LANGUAGE_STANDARD = gnu99;
				GCC_INPUT_FILETYPE = sourcecode.cpp.objcpp;
				GCC_WARN_ABOUT_RETURN_TYPE = YES;
				GCC_WARN_UNUSED_VARIABLE = YES;
				PREBINDING = NO;
				SCAN_ALL_SOURCE_FILES_FOR_INCLUDES = YES;
				SDKROOT = macosx;
				VALID_ARCHS = "i386 x86_64";
			};
			name = Release;
		};
		FF388E401B819C4E00C67D9B /* Debug */ = {
			isa = XCBuildConfiguration;
			buildSettings = {
				ALWAYS_SEARCH_USER_PATHS = NO;
				CLANG_CXX_LANGUAGE_STANDARD = "gnu++0x";
				CLANG_CXX_LIBRARY = "libc++";
				CLANG_ENABLE_MODULES = YES;
				CLANG_ENABLE_OBJC_ARC = YES;
				CLANG_WARN_BOOL_CONVERSION = YES;
				CLANG_WARN_CONSTANT_CONVERSION = YES;
				CLANG_WARN_DIRECT_OBJC_ISA_USAGE = YES_ERROR;
				CLANG_WARN_EMPTY_BODY = YES;
				CLANG_WARN_ENUM_CONVERSION = YES;
				CLANG_WARN_INT_CONVERSION = YES;
				CLANG_WARN_OBJC_ROOT_CLASS = YES_ERROR;
				CLANG_WARN_UNREACHABLE_CODE = YES;
				CLANG_WARN__DUPLICATE_METHOD_MATCH = YES;
				COMBINE_HIDPI_IMAGES = YES;
				COPY_PHASE_STRIP = NO;
				DYLIB_COMPATIBILITY_VERSION = 1;
				DYLIB_CURRENT_VERSION = 1;
				ENABLE_STRICT_OBJC_MSGSEND = YES;
				EXECUTABLE_PREFIX = lib;
				GCC_DYNAMIC_NO_PIC = NO;
				GCC_PREPROCESSOR_DEFINITIONS = (
					"DEBUG=1",
					"$(inherited)",
				);
				GCC_SYMBOLS_PRIVATE_EXTERN = NO;
				GCC_WARN_64_TO_32_BIT_CONVERSION = YES;
				GCC_WARN_ABOUT_RETURN_TYPE = YES_ERROR;
				GCC_WARN_UNDECLARED_SELECTOR = YES;
				GCC_WARN_UNINITIALIZED_AUTOS = YES_AGGRESSIVE;
				GCC_WARN_UNUSED_FUNCTION = YES;
				MACOSX_DEPLOYMENT_TARGET = 10.10;
				MTL_ENABLE_DEBUG_INFO = YES;
				PRODUCT_NAME = "$(TARGET_NAME)";
				SDKROOT = macosx;
			};
			name = Debug;
		};
		FF388E411B819C4E00C67D9B /* Release */ = {
			isa = XCBuildConfiguration;
			buildSettings = {
				ALWAYS_SEARCH_USER_PATHS = NO;
				CLANG_CXX_LANGUAGE_STANDARD = "gnu++0x";
				CLANG_CXX_LIBRARY = "libc++";
				CLANG_ENABLE_MODULES = YES;
				CLANG_ENABLE_OBJC_ARC = YES;
				CLANG_WARN_BOOL_CONVERSION = YES;
				CLANG_WARN_CONSTANT_CONVERSION = YES;
				CLANG_WARN_DIRECT_OBJC_ISA_USAGE = YES_ERROR;
				CLANG_WARN_EMPTY_BODY = YES;
				CLANG_WARN_ENUM_CONVERSION = YES;
				CLANG_WARN_INT_CONVERSION = YES;
				CLANG_WARN_OBJC_ROOT_CLASS = YES_ERROR;
				CLANG_WARN_UNREACHABLE_CODE = YES;
				CLANG_WARN__DUPLICATE_METHOD_MATCH = YES;
				COMBINE_HIDPI_IMAGES = YES;
				COPY_PHASE_STRIP = YES;
				DEBUG_INFORMATION_FORMAT = "dwarf-with-dsym";
				DYLIB_COMPATIBILITY_VERSION = 1;
				DYLIB_CURRENT_VERSION = 1;
				ENABLE_NS_ASSERTIONS = NO;
				ENABLE_STRICT_OBJC_MSGSEND = YES;
				EXECUTABLE_PREFIX = lib;
				GCC_WARN_64_TO_32_BIT_CONVERSION = YES;
				GCC_WARN_ABOUT_RETURN_TYPE = YES_ERROR;
				GCC_WARN_UNDECLARED_SELECTOR = YES;
				GCC_WARN_UNINITIALIZED_AUTOS = YES_AGGRESSIVE;
				GCC_WARN_UNUSED_FUNCTION = YES;
				MACOSX_DEPLOYMENT_TARGET = 10.10;
				MTL_ENABLE_DEBUG_INFO = NO;
				PRODUCT_NAME = "$(TARGET_NAME)";
				SDKROOT = macosx;
			};
			name = Release;
		};
		FF388E5B1B819CDF00C67D9B /* Debug */ = {
			isa = XCBuildConfiguration;
			buildSettings = {
				ALWAYS_SEARCH_USER_PATHS = NO;
				CLANG_CXX_LANGUAGE_STANDARD = "gnu++0x";
				CLANG_CXX_LIBRARY = "libc++";
				CLANG_ENABLE_MODULES = YES;
				CLANG_ENABLE_OBJC_ARC = YES;
				CLANG_WARN_BOOL_CONVERSION = YES;
				CLANG_WARN_CONSTANT_CONVERSION = YES;
				CLANG_WARN_DIRECT_OBJC_ISA_USAGE = YES_ERROR;
				CLANG_WARN_EMPTY_BODY = YES;
				CLANG_WARN_ENUM_CONVERSION = YES;
				CLANG_WARN_INT_CONVERSION = YES;
				CLANG_WARN_OBJC_ROOT_CLASS = YES_ERROR;
				CLANG_WARN_UNREACHABLE_CODE = YES;
				CLANG_WARN__DUPLICATE_METHOD_MATCH = YES;
				COPY_PHASE_STRIP = NO;
				ENABLE_STRICT_OBJC_MSGSEND = YES;
				GCC_DYNAMIC_NO_PIC = NO;
				GCC_PREPROCESSOR_DEFINITIONS = (
					"DEBUG=1",
					"$(inherited)",
				);
				GCC_SYMBOLS_PRIVATE_EXTERN = NO;
				GCC_WARN_64_TO_32_BIT_CONVERSION = YES;
				GCC_WARN_ABOUT_RETURN_TYPE = YES_ERROR;
				GCC_WARN_UNDECLARED_SELECTOR = YES;
				GCC_WARN_UNINITIALIZED_AUTOS = YES_AGGRESSIVE;
				GCC_WARN_UNUSED_FUNCTION = YES;
				IPHONEOS_DEPLOYMENT_TARGET = 8.1;
				MTL_ENABLE_DEBUG_INFO = YES;
				OTHER_LDFLAGS = "-ObjC";
				PRODUCT_NAME = "$(TARGET_NAME)";
				SDKROOT = iphoneos;
				SKIP_INSTALL = YES;
				VALID_ARCHS = "armv7 armv7s arm64";
			};
			name = Debug;
		};
		FF388E5C1B819CDF00C67D9B /* Release */ = {
			isa = XCBuildConfiguration;
			buildSettings = {
				ALWAYS_SEARCH_USER_PATHS = NO;
				CLANG_CXX_LANGUAGE_STANDARD = "gnu++0x";
				CLANG_CXX_LIBRARY = "libc++";
				CLANG_ENABLE_MODULES = YES;
				CLANG_ENABLE_OBJC_ARC = YES;
				CLANG_WARN_BOOL_CONVERSION = YES;
				CLANG_WARN_CONSTANT_CONVERSION = YES;
				CLANG_WARN_DIRECT_OBJC_ISA_USAGE = YES_ERROR;
				CLANG_WARN_EMPTY_BODY = YES;
				CLANG_WARN_ENUM_CONVERSION = YES;
				CLANG_WARN_INT_CONVERSION = YES;
				CLANG_WARN_OBJC_ROOT_CLASS = YES_ERROR;
				CLANG_WARN_UNREACHABLE_CODE = YES;
				CLANG_WARN__DUPLICATE_METHOD_MATCH = YES;
				COPY_PHASE_STRIP = YES;
				ENABLE_NS_ASSERTIONS = NO;
				ENABLE_STRICT_OBJC_MSGSEND = YES;
				GCC_WARN_64_TO_32_BIT_CONVERSION = YES;
				GCC_WARN_ABOUT_RETURN_TYPE = YES_ERROR;
				GCC_WARN_UNDECLARED_SELECTOR = YES;
				GCC_WARN_UNINITIALIZED_AUTOS = YES_AGGRESSIVE;
				GCC_WARN_UNUSED_FUNCTION = YES;
				IPHONEOS_DEPLOYMENT_TARGET = 8.1;
				MTL_ENABLE_DEBUG_INFO = NO;
				OTHER_LDFLAGS = "-ObjC";
				PRODUCT_NAME = "$(TARGET_NAME)";
				SDKROOT = iphoneos;
				SKIP_INSTALL = YES;
				VALIDATE_PRODUCT = YES;
				VALID_ARCHS = "armv7 armv7s arm64";
			};
			name = Release;
		};
/* End XCBuildConfiguration section */

/* Begin XCConfigurationList section */
		1DEB918108733D990010E9CD /* Build configuration list for PBXProject "39dylib" */ = {
			isa = XCConfigurationList;
			buildConfigurations = (
				1DEB918208733D990010E9CD /* Debug */,
				1DEB918308733D990010E9CD /* Release */,
			);
			defaultConfigurationIsVisible = 0;
			defaultConfigurationName = Release;
		};
		FF388E3F1B819C4E00C67D9B /* Build configuration list for PBXNativeTarget "39dylibMac" */ = {
			isa = XCConfigurationList;
			buildConfigurations = (
				FF388E401B819C4E00C67D9B /* Debug */,
				FF388E411B819C4E00C67D9B /* Release */,
			);
			defaultConfigurationIsVisible = 0;
			defaultConfigurationName = Release;
		};
		FF388E5A1B819CDF00C67D9B /* Build configuration list for PBXNativeTarget "39dylibiOS" */ = {
			isa = XCConfigurationList;
			buildConfigurations = (
				FF388E5B1B819CDF00C67D9B /* Debug */,
				FF388E5C1B819CDF00C67D9B /* Release */,
			);
			defaultConfigurationIsVisible = 0;
			defaultConfigurationName = Release;
		};
/* End XCConfigurationList section */
	};
	rootObject = 0867D690FE84028FC02AAC07 /* Project object */;
}
